{
    "_readme": [
        "This file locks the dependencies of your project to a known state",
        "Read more about it at http://getcomposer.org/doc/01-basic-usage.md#composer-lock-the-lock-file",
        "This file is @generated automatically"
    ],
    "hash": "8fc7081f9482d0b036cd8da77109b188",
    "packages": [
        {
            "name": "setasign/setapdf-formfiller_full",
            "version": "2.4.0.637",
            "dist": {
                "type": "zip",
                "url": "http://www.setasign.com/downloads/79990/SetaPDF-FormFiller-Full_2.4.0.637.zip",
                "reference": null,
                "shasum": null
            },
            "type": "library",
            "autoload": {
                "psr-0": {
                    "SetaPDF_": "library/"
                }
            },
            "license": [
                "proprietary"
            ],
            "support": {
                "email": "support@setasign.com"
            },
            "time": "2014-06-20 00:00:00"
        }
    ],
    "packages-dev": [],
    "aliases": [],
    "minimum-stability": "stable",
    "stability-flags": [],
    "prefer-stable": false,
    "platform": [],
    "platform-dev": []
}
